// !$*UTF8*$!
{
	archiveVersion = 1;
	classes = {
	};
	objectVersion = 56;
	objects = {

/* Begin PBXBuildFile section */
		E191FFA92C54B3D600D3AD3A /* NavBar.swift in Sources */ = {isa = PBXBuildFile; fileRef = E191FFA82C54B3D600D3AD3A /* NavBar.swift */; };
		E1CECCF92C3BA18D00F736C9 /* HouseView.swift in Sources */ = {isa = PBXBuildFile; fileRef = E1CECCF82C3BA18D00F736C9 /* HouseView.swift */; };
		E1CECCFD2C3BA7CB00F736C9 /* GameCatalogView.swift in Sources */ = {isa = PBXBuildFile; fileRef = E1CECCFC2C3BA7CB00F736C9 /* GameCatalogView.swift */; };
		E1D9D7812C38B97800FB1B4E /* NiceBabiesApp.swift in Sources */ = {isa = PBXBuildFile; fileRef = E1D9D7802C38B97800FB1B4E /* NiceBabiesApp.swift */; };
		E1D9D7832C38B97800FB1B4E /* ContentView.swift in Sources */ = {isa = PBXBuildFile; fileRef = E1D9D7822C38B97800FB1B4E /* ContentView.swift */; };
		E1D9D7852C38B97900FB1B4E /* Assets.xcassets in Resources */ = {isa = PBXBuildFile; fileRef = E1D9D7842C38B97900FB1B4E /* Assets.xcassets */; };
		E1D9D7882C38B97900FB1B4E /* Preview Assets.xcassets in Resources */ = {isa = PBXBuildFile; fileRef = E1D9D7872C38B97900FB1B4E /* Preview Assets.xcassets */; };
		E1D9D7902C38B99D00FB1B4E /* FirebaseAuth in Frameworks */ = {isa = PBXBuildFile; productRef = E1D9D78F2C38B99D00FB1B4E /* FirebaseAuth */; };
		E1D9D7922C38B99D00FB1B4E /* FirebaseFirestore in Frameworks */ = {isa = PBXBuildFile; productRef = E1D9D7912C38B99D00FB1B4E /* FirebaseFirestore */; };
		E1D9D7942C38B9BC00FB1B4E /* GoogleService-Info.plist in Resources */ = {isa = PBXBuildFile; fileRef = E1D9D7932C38B9BC00FB1B4E /* GoogleService-Info.plist */; };
		E1D9D7962C38BA8900FB1B4E /* LoginAppView.swift in Sources */ = {isa = PBXBuildFile; fileRef = E1D9D7952C38BA8900FB1B4E /* LoginAppView.swift */; };
		E1D9D7982C38BAF200FB1B4E /* NewAccountView.swift in Sources */ = {isa = PBXBuildFile; fileRef = E1D9D7972C38BAF200FB1B4E /* NewAccountView.swift */; };
		E1D9D79A2C38BB3200FB1B4E /* HomePageView.swift in Sources */ = {isa = PBXBuildFile; fileRef = E1D9D7992C38BB3200FB1B4E /* HomePageView.swift */; };
		E1D9D79C2C38BEBB00FB1B4E /* String.swift in Sources */ = {isa = PBXBuildFile; fileRef = E1D9D79B2C38BEBA00FB1B4E /* String.swift */; };
/* End PBXBuildFile section */

/* Begin PBXFileReference section */
		E191FFA82C54B3D600D3AD3A /* NavBar.swift */ = {isa = PBXFileReference; lastKnownFileType = sourcecode.swift; path = NavBar.swift; sourceTree = "<group>"; };
		E1CECCF82C3BA18D00F736C9 /* HouseView.swift */ = {isa = PBXFileReference; lastKnownFileType = sourcecode.swift; path = HouseView.swift; sourceTree = "<group>"; };
		E1CECCFC2C3BA7CB00F736C9 /* GameCatalogView.swift */ = {isa = PBXFileReference; lastKnownFileType = sourcecode.swift; path = GameCatalogView.swift; sourceTree = "<group>"; };
		E1D9D77D2C38B97800FB1B4E /* NiceBabies.app */ = {isa = PBXFileReference; explicitFileType = wrapper.application; includeInIndex = 0; path = NiceBabies.app; sourceTree = BUILT_PRODUCTS_DIR; };
		E1D9D7802C38B97800FB1B4E /* NiceBabiesApp.swift */ = {isa = PBXFileReference; lastKnownFileType = sourcecode.swift; path = NiceBabiesApp.swift; sourceTree = "<group>"; };
		E1D9D7822C38B97800FB1B4E /* ContentView.swift */ = {isa = PBXFileReference; lastKnownFileType = sourcecode.swift; path = ContentView.swift; sourceTree = "<group>"; };
		E1D9D7842C38B97900FB1B4E /* Assets.xcassets */ = {isa = PBXFileReference; lastKnownFileType = folder.assetcatalog; path = Assets.xcassets; sourceTree = "<group>"; };
		E1D9D7872C38B97900FB1B4E /* Preview Assets.xcassets */ = {isa = PBXFileReference; lastKnownFileType = folder.assetcatalog; path = "Preview Assets.xcassets"; sourceTree = "<group>"; };
		E1D9D7932C38B9BC00FB1B4E /* GoogleService-Info.plist */ = {isa = PBXFileReference; fileEncoding = 4; lastKnownFileType = text.plist.xml; path = "GoogleService-Info.plist"; sourceTree = "<group>"; };
		E1D9D7952C38BA8900FB1B4E /* LoginAppView.swift */ = {isa = PBXFileReference; lastKnownFileType = sourcecode.swift; path = LoginAppView.swift; sourceTree = "<group>"; };
		E1D9D7972C38BAF200FB1B4E /* NewAccountView.swift */ = {isa = PBXFileReference; lastKnownFileType = sourcecode.swift; path = NewAccountView.swift; sourceTree = "<group>"; };
		E1D9D7992C38BB3200FB1B4E /* HomePageView.swift */ = {isa = PBXFileReference; lastKnownFileType = sourcecode.swift; path = HomePageView.swift; sourceTree = "<group>"; };
		E1D9D79B2C38BEBA00FB1B4E /* String.swift */ = {isa = PBXFileReference; lastKnownFileType = sourcecode.swift; path = String.swift; sourceTree = "<group>"; };
/* End PBXFileReference section */

/* Begin PBXFrameworksBuildPhase section */
		E1D9D77A2C38B97800FB1B4E /* Frameworks */ = {
			isa = PBXFrameworksBuildPhase;
			buildActionMask = 2147483647;
			files = (
				E1D9D7902C38B99D00FB1B4E /* FirebaseAuth in Frameworks */,
				E1D9D7922C38B99D00FB1B4E /* FirebaseFirestore in Frameworks */,
			);
			runOnlyForDeploymentPostprocessing = 0;
		};
/* End PBXFrameworksBuildPhase section */

/* Begin PBXGroup section */
		E1D9D7742C38B97800FB1B4E = {
			isa = PBXGroup;
			children = (
				E1D9D77F2C38B97800FB1B4E /* NiceBabies */,
				E1D9D77E2C38B97800FB1B4E /* Products */,
			);
			sourceTree = "<group>";
		};
		E1D9D77E2C38B97800FB1B4E /* Products */ = {
			isa = PBXGroup;
			children = (
				E1D9D77D2C38B97800FB1B4E /* NiceBabies.app */,
			);
			name = Products;
			sourceTree = "<group>";
		};
		E1D9D77F2C38B97800FB1B4E /* NiceBabies */ = {
			isa = PBXGroup;
			children = (
				E1D9D7802C38B97800FB1B4E /* NiceBabiesApp.swift */,
				E1D9D7822C38B97800FB1B4E /* ContentView.swift */,
				E1D9D7952C38BA8900FB1B4E /* LoginAppView.swift */,
				E1D9D79B2C38BEBA00FB1B4E /* String.swift */,
				E1D9D7992C38BB3200FB1B4E /* HomePageView.swift */,
				E191FFA82C54B3D600D3AD3A /* NavBar.swift */,
				E1CECCFC2C3BA7CB00F736C9 /* GameCatalogView.swift */,
				E1CECCF82C3BA18D00F736C9 /* HouseView.swift */,
				E1D9D7972C38BAF200FB1B4E /* NewAccountView.swift */,
				E1D9D7842C38B97900FB1B4E /* Assets.xcassets */,
				E1D9D7932C38B9BC00FB1B4E /* GoogleService-Info.plist */,
				E1D9D7862C38B97900FB1B4E /* Preview Content */,
			);
			path = NiceBabies;
			sourceTree = "<group>";
		};
		E1D9D7862C38B97900FB1B4E /* Preview Content */ = {
			isa = PBXGroup;
			children = (
				E1D9D7872C38B97900FB1B4E /* Preview Assets.xcassets */,
			);
			path = "Preview Content";
			sourceTree = "<group>";
		};
/* End PBXGroup section */

/* Begin PBXNativeTarget section */
		E1D9D77C2C38B97800FB1B4E /* NiceBabies */ = {
			isa = PBXNativeTarget;
			buildConfigurationList = E1D9D78B2C38B97900FB1B4E /* Build configuration list for PBXNativeTarget "NiceBabies" */;
			buildPhases = (
				E1D9D7792C38B97800FB1B4E /* Sources */,
				E1D9D77A2C38B97800FB1B4E /* Frameworks */,
				E1D9D77B2C38B97800FB1B4E /* Resources */,
			);
			buildRules = (
			);
			dependencies = (
			);
			name = NiceBabies;
			packageProductDependencies = (
				E1D9D78F2C38B99D00FB1B4E /* FirebaseAuth */,
				E1D9D7912C38B99D00FB1B4E /* FirebaseFirestore */,
			);
			productName = NiceBabies;
			productReference = E1D9D77D2C38B97800FB1B4E /* NiceBabies.app */;
			productType = "com.apple.product-type.application";
		};
/* End PBXNativeTarget section */

/* Begin PBXProject section */
		E1D9D7752C38B97800FB1B4E /* Project object */ = {
			isa = PBXProject;
			attributes = {
				BuildIndependentTargetsInParallel = 1;
				LastSwiftUpdateCheck = 1430;
				LastUpgradeCheck = 1430;
				TargetAttributes = {
					E1D9D77C2C38B97800FB1B4E = {
						CreatedOnToolsVersion = 14.3.1;
					};
				};
			};
			buildConfigurationList = E1D9D7782C38B97800FB1B4E /* Build configuration list for PBXProject "NiceBabies" */;
			compatibilityVersion = "Xcode 14.0";
			developmentRegion = en;
			hasScannedForEncodings = 0;
			knownRegions = (
				en,
				Base,
			);
			mainGroup = E1D9D7742C38B97800FB1B4E;
			packageReferences = (
				E1D9D78E2C38B99D00FB1B4E /* XCRemoteSwiftPackageReference "firebase-ios-sdk" */,
			);
			productRefGroup = E1D9D77E2C38B97800FB1B4E /* Products */;
			projectDirPath = "";
			projectRoot = "";
			targets = (
				E1D9D77C2C38B97800FB1B4E /* NiceBabies */,
			);
		};
/* End PBXProject section */

/* Begin PBXResourcesBuildPhase section */
		E1D9D77B2C38B97800FB1B4E /* Resources */ = {
			isa = PBXResourcesBuildPhase;
			buildActionMask = 2147483647;
			files = (
				E1D9D7882C38B97900FB1B4E /* Preview Assets.xcassets in Resources */,
				E1D9D7852C38B97900FB1B4E /* Assets.xcassets in Resources */,
				E1D9D7942C38B9BC00FB1B4E /* GoogleService-Info.plist in Resources */,
			);
			runOnlyForDeploymentPostprocessing = 0;
		};
/* End PBXResourcesBuildPhase section */

/* Begin PBXSourcesBuildPhase section */
		E1D9D7792C38B97800FB1B4E /* Sources */ = {
			isa = PBXSourcesBuildPhase;
			buildActionMask = 2147483647;
			files = (
				E1D9D79C2C38BEBB00FB1B4E /* String.swift in Sources */,
				E1D9D7832C38B97800FB1B4E /* ContentView.swift in Sources */,
				E1D9D7982C38BAF200FB1B4E /* NewAccountView.swift in Sources */,
				E1D9D7812C38B97800FB1B4E /* NiceBabiesApp.swift in Sources */,
				E191FFA92C54B3D600D3AD3A /* NavBar.swift in Sources */,
				E1CECCF92C3BA18D00F736C9 /* HouseView.swift in Sources */,
				E1D9D7962C38BA8900FB1B4E /* LoginAppView.swift in Sources */,
				E1D9D79A2C38BB3200FB1B4E /* HomePageView.swift in Sources */,
				E1CECCFD2C3BA7CB00F736C9 /* GameCatalogView.swift in Sources */,
			);
			runOnlyForDeploymentPostprocessing = 0;
		};
/* End PBXSourcesBuildPhase section */

/* Begin XCBuildConfiguration section */
		E1D9D7892C38B97900FB1B4E /* Debug */ = {
			isa = XCBuildConfiguration;
			buildSettings = {
				ALWAYS_SEARCH_USER_PATHS = NO;
				CLANG_ANALYZER_NONNULL = YES;
				CLANG_ANALYZER_NUMBER_OBJECT_CONVERSION = YES_AGGRESSIVE;
				CLANG_CXX_LANGUAGE_STANDARD = "gnu++20";
				CLANG_ENABLE_MODULES = YES;
				CLANG_ENABLE_OBJC_ARC = YES;
				CLANG_ENABLE_OBJC_WEAK = YES;
				CLANG_WARN_BLOCK_CAPTURE_AUTORELEASING = YES;
				CLANG_WARN_BOOL_CONVERSION = YES;
				CLANG_WARN_COMMA = YES;
				CLANG_WARN_CONSTANT_CONVERSION = YES;
				CLANG_WARN_DEPRECATED_OBJC_IMPLEMENTATIONS = YES;
				CLANG_WARN_DIRECT_OBJC_ISA_USAGE = YES_ERROR;
				CLANG_WARN_DOCUMENTATION_COMMENTS = YES;
				CLANG_WARN_EMPTY_BODY = YES;
				CLANG_WARN_ENUM_CONVERSION = YES;
				CLANG_WARN_INFINITE_RECURSION = YES;
				CLANG_WARN_INT_CONVERSION = YES;
				CLANG_WARN_NON_LITERAL_NULL_CONVERSION = YES;
				CLANG_WARN_OBJC_IMPLICIT_RETAIN_SELF = YES;
				CLANG_WARN_OBJC_LITERAL_CONVERSION = YES;
				CLANG_WARN_OBJC_ROOT_CLASS = YES_ERROR;
				CLANG_WARN_QUOTED_INCLUDE_IN_FRAMEWORK_HEADER = YES;
				CLANG_WARN_RANGE_LOOP_ANALYSIS = YES;
				CLANG_WARN_STRICT_PROTOTYPES = YES;
				CLANG_WARN_SUSPICIOUS_MOVE = YES;
				CLANG_WARN_UNGUARDED_AVAILABILITY = YES_AGGRESSIVE;
				CLANG_WARN_UNREACHABLE_CODE = YES;
				CLANG_WARN__DUPLICATE_METHOD_MATCH = YES;
				COPY_PHASE_STRIP = NO;
				DEBUG_INFORMATION_FORMAT = dwarf;
				ENABLE_STRICT_OBJC_MSGSEND = YES;
				ENABLE_TESTABILITY = YES;
				GCC_C_LANGUAGE_STANDARD = gnu11;
				GCC_DYNAMIC_NO_PIC = NO;
				GCC_NO_COMMON_BLOCKS = YES;
				GCC_OPTIMIZATION_LEVEL = 0;
				GCC_PREPROCESSOR_DEFINITIONS = (
					"DEBUG=1",
					"$(inherited)",
				);
				GCC_WARN_64_TO_32_BIT_CONVERSION = YES;
				GCC_WARN_ABOUT_RETURN_TYPE = YES_ERROR;
				GCC_WARN_UNDECLARED_SELECTOR = YES;
				GCC_WARN_UNINITIALIZED_AUTOS = YES_AGGRESSIVE;
				GCC_WARN_UNUSED_FUNCTION = YES;
				GCC_WARN_UNUSED_VARIABLE = YES;
				IPHONEOS_DEPLOYMENT_TARGET = 16.4;
				MTL_ENABLE_DEBUG_INFO = INCLUDE_SOURCE;
				MTL_FAST_MATH = YES;
				ONLY_ACTIVE_ARCH = YES;
				SDKROOT = iphoneos;
				SWIFT_ACTIVE_COMPILATION_CONDITIONS = DEBUG;
				SWIFT_OPTIMIZATION_LEVEL = "-Onone";
			};
			name = Debug;
		};
		E1D9D78A2C38B97900FB1B4E /* Release */ = {
			isa = XCBuildConfiguration;
			buildSettings = {
				ALWAYS_SEARCH_USER_PATHS = NO;
				CLANG_ANALYZER_NONNULL = YES;
				CLANG_ANALYZER_NUMBER_OBJECT_CONVERSION = YES_AGGRESSIVE;
				CLANG_CXX_LANGUAGE_STANDARD = "gnu++20";
				CLANG_ENABLE_MODULES = YES;
				CLANG_ENABLE_OBJC_ARC = YES;
				CLANG_ENABLE_OBJC_WEAK = YES;
				CLANG_WARN_BLOCK_CAPTURE_AUTORELEASING = YES;
				CLANG_WARN_BOOL_CONVERSION = YES;
				CLANG_WARN_COMMA = YES;
				CLANG_WARN_CONSTANT_CONVERSION = YES;
				CLANG_WARN_DEPRECATED_OBJC_IMPLEMENTATIONS = YES;
				CLANG_WARN_DIRECT_OBJC_ISA_USAGE = YES_ERROR;
				CLANG_WARN_DOCUMENTATION_COMMENTS = YES;
				CLANG_WARN_EMPTY_BODY = YES;
				CLANG_WARN_ENUM_CONVERSION = YES;
				CLANG_WARN_INFINITE_RECURSION = YES;
				CLANG_WARN_INT_CONVERSION = YES;
				CLANG_WARN_NON_LITERAL_NULL_CONVERSION = YES;
				CLANG_WARN_OBJC_IMPLICIT_RETAIN_SELF = YES;
				CLANG_WARN_OBJC_LITERAL_CONVERSION = YES;
				CLANG_WARN_OBJC_ROOT_CLASS = YES_ERROR;
				CLANG_WARN_QUOTED_INCLUDE_IN_FRAMEWORK_HEADER = YES;
				CLANG_WARN_RANGE_LOOP_ANALYSIS = YES;
				CLANG_WARN_STRICT_PROTOTYPES = YES;
				CLANG_WARN_SUSPICIOUS_MOVE = YES;
				CLANG_WARN_UNGUARDED_AVAILABILITY = YES_AGGRESSIVE;
				CLANG_WARN_UNREACHABLE_CODE = YES;
				CLANG_WARN__DUPLICATE_METHOD_MATCH = YES;
				COPY_PHASE_STRIP = NO;
				DEBUG_INFORMATION_FORMAT = "dwarf-with-dsym";
				ENABLE_NS_ASSERTIONS = NO;
				ENABLE_STRICT_OBJC_MSGSEND = YES;
				GCC_C_LANGUAGE_STANDARD = gnu11;
				GCC_NO_COMMON_BLOCKS = YES;
				GCC_WARN_64_TO_32_BIT_CONVERSION = YES;
				GCC_WARN_ABOUT_RETURN_TYPE = YES_ERROR;
				GCC_WARN_UNDECLARED_SELECTOR = YES;
				GCC_WARN_UNINITIALIZED_AUTOS = YES_AGGRESSIVE;
				GCC_WARN_UNUSED_FUNCTION = YES;
				GCC_WARN_UNUSED_VARIABLE = YES;
				IPHONEOS_DEPLOYMENT_TARGET = 16.4;
				MTL_ENABLE_DEBUG_INFO = NO;
				MTL_FAST_MATH = YES;
				SDKROOT = iphoneos;
				SWIFT_COMPILATION_MODE = wholemodule;
				SWIFT_OPTIMIZATION_LEVEL = "-O";
				VALIDATE_PRODUCT = YES;
			};
			name = Release;
		};
		E1D9D78C2C38B97900FB1B4E /* Debug */ = {
			isa = XCBuildConfiguration;
			buildSettings = {
				ASSETCATALOG_COMPILER_APPICON_NAME = AppIcon;
				ASSETCATALOG_COMPILER_GLOBAL_ACCENT_COLOR_NAME = AccentColor;
				CODE_SIGN_STYLE = Automatic;
				CURRENT_PROJECT_VERSION = 1;
				DEVELOPMENT_ASSET_PATHS = "\"NiceBabies/Preview Content\"";
				ENABLE_PREVIEWS = YES;
				GENERATE_INFOPLIST_FILE = YES;
				INFOPLIST_KEY_UIApplicationSceneManifest_Generation = YES;
				INFOPLIST_KEY_UIApplicationSupportsIndirectInputEvents = YES;
				INFOPLIST_KEY_UILaunchScreen_Generation = YES;
				INFOPLIST_KEY_UISupportedInterfaceOrientations_iPad = "UIInterfaceOrientationPortrait UIInterfaceOrientationPortraitUpsideDown UIInterfaceOrientationLandscapeLeft UIInterfaceOrientationLandscapeRight";
				INFOPLIST_KEY_UISupportedInterfaceOrientations_iPhone = "UIInterfaceOrientationPortrait UIInterfaceOrientationLandscapeLeft UIInterfaceOrientationLandscapeRight";
				LD_RUNPATH_SEARCH_PATHS = (
					"$(inherited)",
					"@executable_path/Frameworks",
				);
				MARKETING_VERSION = 1.0;
				PRODUCT_BUNDLE_IDENTIFIER = ios.nb.NiceBabies;
				PRODUCT_NAME = "$(TARGET_NAME)";
				SWIFT_EMIT_LOC_STRINGS = YES;
				SWIFT_VERSION = 5.0;
				TARGETED_DEVICE_FAMILY = "1,2";
			};
			name = Debug;
		};
		E1D9D78D2C38B97900FB1B4E /* Release */ = {
			isa = XCBuildConfiguration;
			buildSettings = {
				ASSETCATALOG_COMPILER_APPICON_NAME = AppIcon;
				ASSETCATALOG_COMPILER_GLOBAL_ACCENT_COLOR_NAME = AccentColor;
				CODE_SIGN_STYLE = Automatic;
				CURRENT_PROJECT_VERSION = 1;
				DEVELOPMENT_ASSET_PATHS = "\"NiceBabies/Preview Content\"";
				ENABLE_PREVIEWS = YES;
				GENERATE_INFOPLIST_FILE = YES;
				INFOPLIST_KEY_UIApplicationSceneManifest_Generation = YES;
				INFOPLIST_KEY_UIApplicationSupportsIndirectInputEvents = YES;
				INFOPLIST_KEY_UILaunchScreen_Generation = YES;
				INFOPLIST_KEY_UISupportedInterfaceOrientations_iPad = "UIInterfaceOrientationPortrait UIInterfaceOrientationPortraitUpsideDown UIInterfaceOrientationLandscapeLeft UIInterfaceOrientationLandscapeRight";
				INFOPLIST_KEY_UISupportedInterfaceOrientations_iPhone = "UIInterfaceOrientationPortrait UIInterfaceOrientationLandscapeLeft UIInterfaceOrientationLandscapeRight";
				LD_RUNPATH_SEARCH_PATHS = (
					"$(inherited)",
					"@executable_path/Frameworks",
				);
				MARKETING_VERSION = 1.0;
				PRODUCT_BUNDLE_IDENTIFIER = ios.nb.NiceBabies;
				PRODUCT_NAME = "$(TARGET_NAME)";
				SWIFT_EMIT_LOC_STRINGS = YES;
				SWIFT_VERSION = 5.0;
				TARGETED_DEVICE_FAMILY = "1,2";
			};
			name = Release;
		};
/* End XCBuildConfiguration section */

/* Begin XCConfigurationList section */
		E1D9D7782C38B97800FB1B4E /* Build configuration list for PBXProject "NiceBabies" */ = {
			isa = XCConfigurationList;
			buildConfigurations = (
				E1D9D7892C38B97900FB1B4E /* Debug */,
				E1D9D78A2C38B97900FB1B4E /* Release */,
			);
			defaultConfigurationIsVisible = 0;
			defaultConfigurationName = Release;
		};
		E1D9D78B2C38B97900FB1B4E /* Build configuration list for PBXNativeTarget "NiceBabies" */ = {
			isa = XCConfigurationList;
			buildConfigurations = (
				E1D9D78C2C38B97900FB1B4E /* Debug */,
				E1D9D78D2C38B97900FB1B4E /* Release */,
			);
			defaultConfigurationIsVisible = 0;
			defaultConfigurationName = Release;
		};
/* End XCConfigurationList section */

/* Begin XCRemoteSwiftPackageReference section */
		E1D9D78E2C38B99D00FB1B4E /* XCRemoteSwiftPackageReference "firebase-ios-sdk" */ = {
			isa = XCRemoteSwiftPackageReference;
			repositoryURL = "https://github.com/firebase/firebase-ios-sdk";
			requirement = {
				kind = upToNextMajorVersion;
				minimumVersion = 10.0.0;
			};
		};
/* End XCRemoteSwiftPackageReference section */

/* Begin XCSwiftPackageProductDependency section */
		E1D9D78F2C38B99D00FB1B4E /* FirebaseAuth */ = {
			isa = XCSwiftPackageProductDependency;
			package = E1D9D78E2C38B99D00FB1B4E /* XCRemoteSwiftPackageReference "firebase-ios-sdk" */;
			productName = FirebaseAuth;
		};
		E1D9D7912C38B99D00FB1B4E /* FirebaseFirestore */ = {
			isa = XCSwiftPackageProductDependency;
			package = E1D9D78E2C38B99D00FB1B4E /* XCRemoteSwiftPackageReference "firebase-ios-sdk" */;
			productName = FirebaseFirestore;
		};
/* End XCSwiftPackageProductDependency section */
	};
	rootObject = E1D9D7752C38B97800FB1B4E /* Project object */;
}
